
Microsoft Visual Studio Solution File, Format Version 12.00
# Visual Studio Version 17
VisualStudioVersion = 17.5.002.0
MinimumVisualStudioVersion = 10.0.40219.1
Project("{9A19103F-16F7-4668-BE54-9A1E7A4F7556}") = "Observer", "Observer.csproj", "{170E38C8-D35E-4B78-A454-BD357F8DA859}"
EndProject
Global
	GlobalSection(SolutionConfigurationPlatforms) = preSolution
		Debug|Any CPU = Debug|Any CPU
		Release|Any CPU = Release|Any CPU
	EndGlobalSection
	GlobalSection(ProjectConfigurationPlatforms) = postSolution
		{170E38C8-D35E-4B78-A454-BD357F8DA859}.Debug|Any CPU.ActiveCfg = Debug|Any CPU
		{170E38C8-D35E-4B78-A454-BD357F8DA859}.Debug|Any CPU.Build.0 = Debug|Any CPU
		{170E38C8-D35E-4B78-A454-BD357F8DA859}.Release|Any CPU.ActiveCfg = Release|Any CPU
		{170E38C8-D35E-4B78-A454-BD357F8DA859}.Release|Any CPU.Build.0 = Release|Any CPU
	EndGlobalSection
	GlobalSection(SolutionProperties) = preSolution
		HideSolutionNode = FALSE
	EndGlobalSection
	GlobalSection(ExtensibilityGlobals) = postSolution
		SolutionGuid = {D14CB131-ACB0-4AF8-8047-027767809C71}
	EndGlobalSection
EndGlobal
